
Microsoft Visual Studio Solution File, Format Version 12.00
# Visual Studio 14
VisualStudioVersion = 14.0.24720.0
MinimumVisualStudioVersion = 10.0.40219.1
Project("{FAE04EC0-301F-11D3-BF4B-00C04F79EFBC}") = "AllPossibleCardsFromAStandardDeck", "AllPossibleCardsFromAStandardDeck\AllPossibleCardsFromAStandardDeck.csproj", "{E7610C20-CE4E-4107-953E-4DB532212CAE}"
EndProject
Global
	GlobalSection(SolutionConfigurationPlatforms) = preSolution
		Debug|Any CPU = Debug|Any CPU
		Release|Any CPU = Release|Any CPU
	EndGlobalSection
	GlobalSection(ProjectConfigurationPlatforms) = postSolution
		{E7610C20-CE4E-4107-953E-4DB532212CAE}.Debug|Any CPU.ActiveCfg = Debug|Any CPU
		{E7610C20-CE4E-4107-953E-4DB532212CAE}.Debug|Any CPU.Build.0 = Debug|Any CPU
		{E7610C20-CE4E-4107-953E-4DB532212CAE}.Release|Any CPU.ActiveCfg = Release|Any CPU
		{E7610C20-CE4E-4107-953E-4DB532212CAE}.Release|Any CPU.Build.0 = Release|Any CPU
	EndGlobalSection
	GlobalSection(SolutionProperties) = preSolution
		HideSolutionNode = FALSE
	EndGlobalSection
EndGlobal
