
Microsoft Visual Studio Solution File, Format Version 12.00
# Visual Studio 14
VisualStudioVersion = 14.0.24720.0
MinimumVisualStudioVersion = 10.0.40219.1
Project("{FAE04EC0-301F-11D3-BF4B-00C04F79EFBC}") = "N!K!", "N!K!\N!K!.csproj", "{002BECD6-2C75-4854-B054-A3E07BC87F6B}"
EndProject
Global
	GlobalSection(SolutionConfigurationPlatforms) = preSolution
		Debug|Any CPU = Debug|Any CPU
		Release|Any CPU = Release|Any CPU
	EndGlobalSection
	GlobalSection(ProjectConfigurationPlatforms) = postSolution
		{002BECD6-2C75-4854-B054-A3E07BC87F6B}.Debug|Any CPU.ActiveCfg = Debug|Any CPU
		{002BECD6-2C75-4854-B054-A3E07BC87F6B}.Debug|Any CPU.Build.0 = Debug|Any CPU
		{002BECD6-2C75-4854-B054-A3E07BC87F6B}.Release|Any CPU.ActiveCfg = Release|Any CPU
		{002BECD6-2C75-4854-B054-A3E07BC87F6B}.Release|Any CPU.Build.0 = Release|Any CPU
	EndGlobalSection
	GlobalSection(SolutionProperties) = preSolution
		HideSolutionNode = FALSE
	EndGlobalSection
EndGlobal
